
Microsoft Visual Studio Solution File, Format Version 12.00
# Visual Studio Version 17
VisualStudioVersion = 17.7.34024.191
MinimumVisualStudioVersion = 10.0.40219.1
Project("{FAE04EC0-301F-11D3-BF4B-00C04F79EFBC}") = "ChallengeApp", "ChallengeApp\ChallengeApp.csproj", "{03FC5D24-F9E6-43DE-8ED2-E6C5F23C15C9}"
EndProject
Global
	GlobalSection(SolutionConfigurationPlatforms) = preSolution
		Debug|Any CPU = Debug|Any CPU
		Release|Any CPU = Release|Any CPU
	EndGlobalSection
	GlobalSection(ProjectConfigurationPlatforms) = postSolution
		{03FC5D24-F9E6-43DE-8ED2-E6C5F23C15C9}.Debug|Any CPU.ActiveCfg = Debug|Any CPU
		{03FC5D24-F9E6-43DE-8ED2-E6C5F23C15C9}.Debug|Any CPU.Build.0 = Debug|Any CPU
		{03FC5D24-F9E6-43DE-8ED2-E6C5F23C15C9}.Release|Any CPU.ActiveCfg = Release|Any CPU
		{03FC5D24-F9E6-43DE-8ED2-E6C5F23C15C9}.Release|Any CPU.Build.0 = Release|Any CPU
	EndGlobalSection
	GlobalSection(SolutionProperties) = preSolution
		HideSolutionNode = FALSE
	EndGlobalSection
	GlobalSection(ExtensibilityGlobals) = postSolution
		SolutionGuid = {B1E9F0ED-A03C-42EC-856C-126DB0080248}
	EndGlobalSection
EndGlobal
